version: 6
environments:
  default:
    channels:
    - url: https://conda.anaconda.org/conda-forge/
    options:
      pypi-prerelease-mode: if-necessary-or-explicit
    packages:
      osx-arm64:
      - conda: https://conda.anaconda.org/conda-forge/noarch/babel-2.18.0-pyhcf101f3_1.conda
      - conda: https://conda.anaconda.org/conda-forge/osx-arm64/backports.zstd-1.3.0-py313h48bb75e_0.conda
      - conda: https://conda.anaconda.org/conda-forge/noarch/backrefs-7.0-pyhcf101f3_0.conda
      - conda: https://conda.anaconda.org/conda-forge/osx-arm64/brotli-python-1.2.0-py313hde1f3bb_1.conda
      - conda: https://conda.anaconda.org/conda-forge/osx-arm64/bzip2-1.0.8-hd037594_9.conda
      - conda: https://conda.anaconda.org/conda-forge/noarch/ca-certificates-2026.4.22-hbd8a1cb_0.conda
      - conda: https://conda.anaconda.org/conda-forge/noarch/certifi-2026.4.22-pyhd8ed1ab_0.conda
      - conda: https://conda.anaconda.org/conda-forge/noarch/charset-normalizer-3.4.7-pyhd8ed1ab_0.conda
      - conda: https://conda.anaconda.org/conda-forge/noarch/click-8.2.1-pyh707e725_0.conda
      - conda: https://conda.anaconda.org/conda-forge/noarch/colorama-0.4.6-pyhd8ed1ab_1.conda
      - conda: https://conda.anaconda.org/conda-forge/noarch/ghp-import-2.1.0-pyhd8ed1ab_2.conda
      - conda: https://conda.anaconda.org/conda-forge/noarch/h2-4.3.0-pyhcf101f3_0.conda
      - conda: https://conda.anaconda.org/conda-forge/noarch/hpack-4.1.0-pyhd8ed1ab_0.conda
      - conda: https://conda.anaconda.org/conda-forge/noarch/hyperframe-6.1.0-pyhd8ed1ab_0.conda
      - conda: https://conda.anaconda.org/conda-forge/noarch/idna-3.13-pyhcf101f3_0.conda
      - conda: https://conda.anaconda.org/conda-forge/noarch/importlib-metadata-8.8.0-pyhcf101f3_0.conda
      - conda: https://conda.anaconda.org/conda-forge/noarch/jinja2-3.1.6-pyhcf101f3_1.conda
      - conda: https://conda.anaconda.org/conda-forge/osx-arm64/libcxx-22.1.4-h55c6f16_0.conda
      - conda: https://conda.anaconda.org/conda-forge/osx-arm64/libexpat-2.7.5-hf6b4638_0.conda
      - conda: https://conda.anaconda.org/conda-forge/osx-arm64/libffi-3.5.2-hcf2aa1b_0.conda
      - conda: https://conda.anaconda.org/conda-forge/osx-arm64/liblzma-5.8.3-h8088a28_0.conda
      - conda: https://conda.anaconda.org/conda-forge/osx-arm64/libmpdec-4.0.0-h84a0fba_1.conda
      - conda: https://conda.anaconda.org/conda-forge/osx-arm64/libsqlite-3.53.0-h1b79a29_0.conda
      - conda: https://conda.anaconda.org/conda-forge/osx-arm64/libzlib-1.3.2-h8088a28_2.conda
      - conda: https://conda.anaconda.org/conda-forge/noarch/markdown-3.10.2-pyhcf101f3_0.conda
      - conda: https://conda.anaconda.org/conda-forge/osx-arm64/markupsafe-3.0.3-py313h65a2061_1.conda
      - conda: https://conda.anaconda.org/conda-forge/noarch/mergedeep-1.3.4-pyhd8ed1ab_1.conda
      - conda: https://conda.anaconda.org/conda-forge/noarch/mkdocs-1.6.1-pyhd8ed1ab_1.conda
      - conda: https://conda.anaconda.org/conda-forge/noarch/mkdocs-get-deps-0.2.2-pyhd8ed1ab_0.conda
      - conda: https://conda.anaconda.org/conda-forge/noarch/mkdocs-glightbox-0.5.2-pyhd8ed1ab_0.conda
      - conda: https://conda.anaconda.org/conda-forge/noarch/mkdocs-material-9.7.6-pyhcf101f3_1.conda
      - conda: https://conda.anaconda.org/conda-forge/noarch/mkdocs-material-extensions-1.3.1-pyhd8ed1ab_1.conda
      - conda: https://conda.anaconda.org/conda-forge/osx-arm64/ncurses-6.6-h1d4f5a5_0.conda
      - conda: https://conda.anaconda.org/conda-forge/osx-arm64/openssl-3.6.2-hd24854e_0.conda
      - conda: https://conda.anaconda.org/conda-forge/noarch/packaging-26.2-pyhc364b38_0.conda
      - conda: https://conda.anaconda.org/conda-forge/noarch/paginate-0.5.7-pyhd8ed1ab_1.conda
      - conda: https://conda.anaconda.org/conda-forge/noarch/pathspec-1.1.1-pyhd8ed1ab_0.conda
      - conda: https://conda.anaconda.org/conda-forge/noarch/platformdirs-4.9.6-pyhcf101f3_0.conda
      - conda: https://conda.anaconda.org/conda-forge/noarch/pygments-2.20.0-pyhd8ed1ab_0.conda
      - conda: https://conda.anaconda.org/conda-forge/noarch/pymdown-extensions-10.21.2-pyhd8ed1ab_0.conda
      - conda: https://conda.anaconda.org/conda-forge/noarch/pysocks-1.7.1-pyha55dd90_7.conda
      - conda: https://conda.anaconda.org/conda-forge/osx-arm64/python-3.13.13-h20e6be0_100_cp313.conda
      - conda: https://conda.anaconda.org/conda-forge/noarch/python-dateutil-2.9.0.post0-pyhe01879c_2.conda
      - conda: https://conda.anaconda.org/conda-forge/noarch/python_abi-3.13-8_cp313.conda
      - conda: https://conda.anaconda.org/conda-forge/osx-arm64/pyyaml-6.0.3-py313h65a2061_1.conda
      - conda: https://conda.anaconda.org/conda-forge/noarch/pyyaml-env-tag-1.1-pyhd8ed1ab_0.conda
      - conda: https://conda.anaconda.org/conda-forge/osx-arm64/readline-8.3-h46df422_0.conda
      - conda: https://conda.anaconda.org/conda-forge/noarch/requests-2.33.1-pyhcf101f3_1.conda
      - conda: https://conda.anaconda.org/conda-forge/osx-arm64/selectolax-0.3.29-py313h90d716c_0.conda
      - conda: https://conda.anaconda.org/conda-forge/noarch/six-1.17.0-pyhe01879c_1.conda
      - conda: https://conda.anaconda.org/conda-forge/osx-arm64/tk-8.6.13-h010d191_3.conda
      - conda: https://conda.anaconda.org/conda-forge/noarch/tzdata-2025c-hc9c84f9_1.conda
      - conda: https://conda.anaconda.org/conda-forge/noarch/urllib3-2.6.3-pyhd8ed1ab_0.conda
      - conda: https://conda.anaconda.org/conda-forge/osx-arm64/watchdog-6.0.0-py313h6688731_3.conda
      - conda: https://conda.anaconda.org/conda-forge/osx-arm64/yaml-0.2.5-h925e9cb_3.conda
      - conda: https://conda.anaconda.org/conda-forge/noarch/zipp-3.23.1-pyhcf101f3_0.conda
      - conda: https://conda.anaconda.org/conda-forge/osx-arm64/zstd-1.5.7-hbf9d68e_6.conda
packages:
- conda: https://conda.anaconda.org/conda-forge/noarch/babel-2.18.0-pyhcf101f3_1.conda
  sha256: a14a9ad02101aab25570543a59c5193043b73dc311a25650134ed9e6cb691770
  md5: f1976ce927373500cc19d3c0b2c85177
  depends:
  - python >=3.10
  - python
  constrains:
  - pytz >=2015.7
  license: BSD-3-Clause
  license_family: BSD
  size: 7684321
  timestamp: 1772555330347
- conda: https://conda.anaconda.org/conda-forge/osx-arm64/backports.zstd-1.3.0-py313h48bb75e_0.conda
  sha256: f3047ca3b41bb444b4b5a71a6eee182623192c77019746dd4685fd260becb249
  md5: 54008c5cc8928e5cb5a0f9206b829451
  depends:
  - python
  - python 3.13.* *_cp313
  - __osx >=11.0
  - zstd >=1.5.7,<1.6.0a0
  - python_abi 3.13.* *_cp313
  license: BSD-3-Clause AND MIT AND EPL-2.0
  size: 244371
  timestamp: 1767045003420
- conda: https://conda.anaconda.org/conda-forge/noarch/backrefs-7.0-pyhcf101f3_0.conda
  sha256: 4e32871acb663d8d64342c486d960b3e64e24b7c715247a1e6a6f46d1b428802
  md5: 970a19304a794630a882b9dcd9e1beb4
  depends:
  - python >=3.10
  - python
  license: MIT
  size: 158181
  timestamp: 1777493261325
- conda: https://conda.anaconda.org/conda-forge/osx-arm64/brotli-python-1.2.0-py313hde1f3bb_1.conda
  sha256: 2e21dccccd68bedd483300f9ab87a425645f6776e6e578e10e0dd98c946e1be9
  md5: b03732afa9f4f54634d94eb920dfb308
  depends:
  - __osx >=11.0
  - libcxx >=19
  - python >=3.13,<3.14.0a0
  - python >=3.13,<3.14.0a0 *_cp313
  - python_abi 3.13.* *_cp313
  constrains:
  - libbrotlicommon 1.2.0 hc919400_1
  license: MIT
  license_family: MIT
  size: 359568
  timestamp: 1764018359470
- conda: https://conda.anaconda.org/conda-forge/osx-arm64/bzip2-1.0.8-hd037594_9.conda
  sha256: 540fe54be35fac0c17feefbdc3e29725cce05d7367ffedfaaa1bdda234b019df
  md5: 620b85a3f45526a8bc4d23fd78fc22f0
  depends:
  - __osx >=11.0
  license: bzip2-1.0.6
  license_family: BSD
  size: 124834
  timestamp: 1771350416561
- conda: https://conda.anaconda.org/conda-forge/noarch/ca-certificates-2026.4.22-hbd8a1cb_0.conda
  sha256: c9dbcc8039a52023660d6d1bbf87594a93dd69c6ac5a2a44323af2c92976728d
  md5: e18ad67cf881dcadee8b8d9e2f8e5f73
  depends:
  - __unix
  license: ISC
  size: 131039
  timestamp: 1776865545798
- conda: https://conda.anaconda.org/conda-forge/noarch/certifi-2026.4.22-pyhd8ed1ab_0.conda
  sha256: 989db6e5957c4b44fa600c68c681ec2f36a55e48f7c7f1c073d5e91caa8cd878
  md5: 929471569c93acefb30282a22060dcd5
  depends:
  - python >=3.10
  license: ISC
  size: 135656
  timestamp: 1776866680878
- conda: https://conda.anaconda.org/conda-forge/noarch/charset-normalizer-3.4.7-pyhd8ed1ab_0.conda
  sha256: 3f9483d62ce24ecd063f8a5a714448445dc8d9e201147c46699fc0033e824457
  md5: a9167b9571f3baa9d448faa2139d1089
  depends:
  - python >=3.10
  license: MIT
  license_family: MIT
  size: 58872
  timestamp: 1775127203018
- conda: https://conda.anaconda.org/conda-forge/noarch/click-8.2.1-pyh707e725_0.conda
  sha256: 8aee789c82d8fdd997840c952a586db63c6890b00e88c4fb6e80a38edd5f51c0
  md5: 94b550b8d3a614dbd326af798c7dfb40
  depends:
  - __unix
  - python >=3.10
  license: BSD-3-Clause
  license_family: BSD
  size: 87749
  timestamp: 1747811451319
- conda: https://conda.anaconda.org/conda-forge/noarch/colorama-0.4.6-pyhd8ed1ab_1.conda
  sha256: ab29d57dc70786c1269633ba3dff20288b81664d3ff8d21af995742e2bb03287
  md5: 962b9857ee8e7018c22f2776ffa0b2d7
  depends:
  - python >=3.9
  license: BSD-3-Clause
  license_family: BSD
  size: 27011
  timestamp: 1733218222191
- conda: https://conda.anaconda.org/conda-forge/noarch/ghp-import-2.1.0-pyhd8ed1ab_2.conda
  sha256: 40fdf5a9d5cc7a3503cd0c33e1b90b1e6eab251aaaa74e6b965417d089809a15
  md5: 93f742fe078a7b34c29a182958d4d765
  depends:
  - python >=3.9
  - python-dateutil >=2.8.1
  license: Apache-2.0
  license_family: APACHE
  size: 16538
  timestamp: 1734344477841
- conda: https://conda.anaconda.org/conda-forge/noarch/h2-4.3.0-pyhcf101f3_0.conda
  sha256: 84c64443368f84b600bfecc529a1194a3b14c3656ee2e832d15a20e0329b6da3
  md5: 164fc43f0b53b6e3a7bc7dce5e4f1dc9
  depends:
  - python >=3.10
  - hyperframe >=6.1,<7
  - hpack >=4.1,<5
  - python
  license: MIT
  license_family: MIT
  size: 95967
  timestamp: 1756364871835
- conda: https://conda.anaconda.org/conda-forge/noarch/hpack-4.1.0-pyhd8ed1ab_0.conda
  sha256: 6ad78a180576c706aabeb5b4c8ceb97c0cb25f1e112d76495bff23e3779948ba
  md5: 0a802cb9888dd14eeefc611f05c40b6e
  depends:
  - python >=3.9
  license: MIT
  license_family: MIT
  size: 30731
  timestamp: 1737618390337
- conda: https://conda.anaconda.org/conda-forge/noarch/hyperframe-6.1.0-pyhd8ed1ab_0.conda
  sha256: 77af6f5fe8b62ca07d09ac60127a30d9069fdc3c68d6b256754d0ffb1f7779f8
  md5: 8e6923fc12f1fe8f8c4e5c9f343256ac
  depends:
  - python >=3.9
  license: MIT
  license_family: MIT
  size: 17397
  timestamp: 1737618427549
- conda: https://conda.anaconda.org/conda-forge/noarch/idna-3.13-pyhcf101f3_0.conda
  sha256: 9ab620e6f64bb67737bd7bc1ad6f480770124e304c6710617aba7fe60b089f48
  md5: fb7130c190f9b4ec91219840a05ba3ac
  depends:
  - python >=3.10
  - python
  license: BSD-3-Clause
  license_family: BSD
  size: 59038
  timestamp: 1776947141407
- conda: https://conda.anaconda.org/conda-forge/noarch/importlib-metadata-8.8.0-pyhcf101f3_0.conda
  sha256: 82ab2a0d91ca1e7e63ab6a4939356667ef683905dea631bc2121aa534d347b16
  md5: 080594bf4493e6bae2607e65390c520a
  depends:
  - python >=3.10
  - zipp >=3.20
  - python
  license: Apache-2.0
  license_family: APACHE
  size: 34387
  timestamp: 1773931568510
- conda: https://conda.anaconda.org/conda-forge/noarch/jinja2-3.1.6-pyhcf101f3_1.conda
  sha256: fc9ca7348a4f25fed2079f2153ecdcf5f9cf2a0bc36c4172420ca09e1849df7b
  md5: 04558c96691bed63104678757beb4f8d
  depends:
  - markupsafe >=2.0
  - python >=3.10
  - python
  license: BSD-3-Clause
  license_family: BSD
  size: 120685
  timestamp: 1764517220861
- conda: https://conda.anaconda.org/conda-forge/osx-arm64/libcxx-22.1.4-h55c6f16_0.conda
  sha256: 25a0d02148a39b665d9c2957676faf62a4d2a58494d53b201151199a197db4b0
  md5: 448a1af83a9205655ee1cf48d3875ca3
  depends:
  - __osx >=11.0
  license: Apache-2.0 WITH LLVM-exception
  license_family: Apache
  size: 569927
  timestamp: 1776816293111
- conda: https://conda.anaconda.org/conda-forge/osx-arm64/libexpat-2.7.5-hf6b4638_0.conda
  sha256: 06780dec91dd25770c8cf01e158e1062fbf7c576b1406427475ce69a8af75b7e
  md5: a32123f93e168eaa4080d87b0fb5da8a
  depends:
  - __osx >=11.0
  constrains:
  - expat 2.7.5.*
  license: MIT
  license_family: MIT
  size: 68192
  timestamp: 1774719211725
- conda: https://conda.anaconda.org/conda-forge/osx-arm64/libffi-3.5.2-hcf2aa1b_0.conda
  sha256: 6686a26466a527585e6a75cc2a242bf4a3d97d6d6c86424a441677917f28bec7
  md5: 43c04d9cb46ef176bb2a4c77e324d599
  depends:
  - __osx >=11.0
  license: MIT
  license_family: MIT
  size: 40979
  timestamp: 1769456747661
- conda: https://conda.anaconda.org/conda-forge/osx-arm64/liblzma-5.8.3-h8088a28_0.conda
  sha256: 34878d87275c298f1a732c6806349125cebbf340d24c6c23727268184bba051e
  md5: b1fd823b5ae54fbec272cea0811bd8a9
  depends:
  - __osx >=11.0
  constrains:
  - xz 5.8.3.*
  license: 0BSD
  size: 92472
  timestamp: 1775825802659
- conda: https://conda.anaconda.org/conda-forge/osx-arm64/libmpdec-4.0.0-h84a0fba_1.conda
  sha256: 1089c7f15d5b62c622625ec6700732ece83be8b705da8c6607f4dabb0c4bd6d2
  md5: 57c4be259f5e0b99a5983799a228ae55
  depends:
  - __osx >=11.0
  license: BSD-2-Clause
  license_family: BSD
  size: 73690
  timestamp: 1769482560514
- conda: https://conda.anaconda.org/conda-forge/osx-arm64/libsqlite-3.53.0-h1b79a29_0.conda
  sha256: 1a9d1e3e18dbb0b87cff3b40c3e42703730d7ac7ee9b9322c2682196a81ba0c3
  md5: 8423c008105df35485e184066cad4566
  depends:
  - __osx >=11.0
  - libzlib >=1.3.2,<2.0a0
  license: blessing
  size: 920039
  timestamp: 1775754485962
- conda: https://conda.anaconda.org/conda-forge/osx-arm64/libzlib-1.3.2-h8088a28_2.conda
  sha256: 361415a698514b19a852f5d1123c5da746d4642139904156ddfca7c922d23a05
  md5: bc5a5721b6439f2f62a84f2548136082
  depends:
  - __osx >=11.0
  constrains:
  - zlib 1.3.2 *_2
  license: Zlib
  license_family: Other
  size: 47759
  timestamp: 1774072956767
- conda: https://conda.anaconda.org/conda-forge/noarch/markdown-3.10.2-pyhcf101f3_0.conda
  sha256: 20e0892592a3e7c683e3d66df704a9425d731486a97c34fc56af4da1106b2b6b
  md5: ba0a9221ce1063f31692c07370d062f3
  depends:
  - importlib-metadata >=4.4
  - python >=3.10
  - python
  license: BSD-3-Clause
  license_family: BSD
  size: 85893
  timestamp: 1770694658918
- conda: https://conda.anaconda.org/conda-forge/osx-arm64/markupsafe-3.0.3-py313h65a2061_1.conda
  sha256: f62892a42948c61aa0a13d9a36ff811651f0a1102331223594aecf3cc042bece
  md5: 0195d558b0c0ab8f4af3089af83067c5
  depends:
  - __osx >=11.0
  - python >=3.13,<3.14.0a0
  - python >=3.13,<3.14.0a0 *_cp313
  - python_abi 3.13.* *_cp313
  constrains:
  - jinja2 >=3.0.0
  license: BSD-3-Clause
  license_family: BSD
  size: 26009
  timestamp: 1772445537524
- conda: https://conda.anaconda.org/conda-forge/noarch/mergedeep-1.3.4-pyhd8ed1ab_1.conda
  sha256: e5b555fd638334a253d83df14e3c913ef8ce10100090e17fd6fb8e752d36f95d
  md5: d9a8fc1f01deae61735c88ec242e855c
  depends:
  - python >=3.9
  license: MIT
  license_family: MIT
  size: 11676
  timestamp: 1734157119152
- conda: https://conda.anaconda.org/conda-forge/noarch/mkdocs-1.6.1-pyhd8ed1ab_1.conda
  sha256: 902d2e251f9a7ffa7d86a3e62be5b2395e28614bd4dbe5f50acf921fd64a8c35
  md5: 14661160be39d78f2b210f2cc2766059
  depends:
  - click >=7.0,<8.3.0a0
  - colorama >=0.4
  - ghp-import >=1.0
  - importlib-metadata >=4.4
  - jinja2 >=2.11.1
  - markdown >=3.3.6
  - markupsafe >=2.0.1
  - mergedeep >=1.3.4
  - mkdocs-get-deps >=0.2.0
  - packaging >=20.5
  - pathspec >=0.11.1
  - python >=3.9
  - pyyaml >=5.1
  - pyyaml-env-tag >=0.1
  - watchdog >=2.0
  constrains:
  - babel >=2.9.0
  license: BSD-2-Clause
  license_family: BSD
  size: 3524754
  timestamp: 1734344673481
- conda: https://conda.anaconda.org/conda-forge/noarch/mkdocs-get-deps-0.2.2-pyhd8ed1ab_0.conda
  sha256: fad4463b52def6214f64dfb918ad77ec4feb4c5d1072838dcf693dab860fde52
  md5: 4e396e96b60a1f616da1f0e5fceae543
  depends:
  - importlib-metadata >=4.3
  - mergedeep >=1.3.4
  - platformdirs >=2.2.0
  - python >=3.10
  - pyyaml >=5.1
  license: MIT
  license_family: MIT
  size: 15572
  timestamp: 1773570672864
- conda: https://conda.anaconda.org/conda-forge/noarch/mkdocs-glightbox-0.5.2-pyhd8ed1ab_0.conda
  sha256: e285099d3323fead1bfcf6a99aa55a6ddabea757c4836aea54e13278d17f323e
  md5: 385fee9887fa6842cb37eff0cdcf9b3e
  depends:
  - python >=3.10
  - selectolax 0.3.29
  license: MIT
  license_family: MIT
  size: 31471
  timestamp: 1761263149204
- conda: https://conda.anaconda.org/conda-forge/noarch/mkdocs-material-9.7.6-pyhcf101f3_1.conda
  sha256: 75cc95f2f9d29bc1373fd5c34b334b6b7a6bd9c745ca03105361b21b43f12b32
  md5: 13add6b0be6d719b4e2d1821ad10fcce
  depends:
  - python >=3.10
  - jinja2 >=3.1
  - markdown >=3.2
  - mkdocs >=1.6,<2
  - mkdocs-material-extensions >=1.3
  - pygments >=2.16
  - pymdown-extensions >=10.2
  - babel >=2.10
  - colorama >=0.4
  - paginate >=0.5
  - backrefs >=5.7.post1
  - requests >=2.30
  - python
  license: MIT
  license_family: MIT
  size: 4800629
  timestamp: 1774620149583
- conda: https://conda.anaconda.org/conda-forge/noarch/mkdocs-material-extensions-1.3.1-pyhd8ed1ab_1.conda
  sha256: f62955d40926770ab65cc54f7db5fde6c073a3ba36a0787a7a5767017da50aa3
  md5: de8af4000a4872e16fb784c649679c8e
  depends:
  - python >=3.9
  constrains:
  - mkdocs-material >=5.0.0
  license: MIT
  license_family: MIT
  size: 16122
  timestamp: 1734641109286
- conda: https://conda.anaconda.org/conda-forge/osx-arm64/ncurses-6.6-h1d4f5a5_0.conda
  sha256: 4ea6c620b87bd1d42bb2ccc2c87cd2483fa2d7f9e905b14c223f11ff3f4c455d
  md5: 343d10ed5b44030a2f67193905aea159
  depends:
  - __osx >=11.0
  license: X11 AND BSD-3-Clause
  size: 805509
  timestamp: 1777423252320
- conda: https://conda.anaconda.org/conda-forge/osx-arm64/openssl-3.6.2-hd24854e_0.conda
  sha256: c91bf510c130a1ea1b6ff023e28bac0ccaef869446acd805e2016f69ebdc49ea
  md5: 25dcccd4f80f1638428613e0d7c9b4e1
  depends:
  - __osx >=11.0
  - ca-certificates
  license: Apache-2.0
  license_family: Apache
  size: 3106008
  timestamp: 1775587972483
- conda: https://conda.anaconda.org/conda-forge/noarch/packaging-26.2-pyhc364b38_0.conda
  sha256: 3906abfb6511a3bb309e39b9b1b7bc38f50a723971de2395489fd1f379255890
  md5: 4c06a92e74452cfa53623a81592e8934
  depends:
  - python >=3.8
  - python
  license: Apache-2.0
  license_family: APACHE
  size: 91574
  timestamp: 1777103621679
- conda: https://conda.anaconda.org/conda-forge/noarch/paginate-0.5.7-pyhd8ed1ab_1.conda
  sha256: f6fef1b43b0d3d92476e1870c08d7b9c229aebab9a0556b073a5e1641cf453bd
  md5: c3f35453097faf911fd3f6023fc2ab24
  depends:
  - python >=3.9
  license: MIT
  license_family: MIT
  size: 18865
  timestamp: 1734618649164
- conda: https://conda.anaconda.org/conda-forge/noarch/pathspec-1.1.1-pyhd8ed1ab_0.conda
  sha256: 6eaee417d33f298db79bc7185ab1208604c0e6cf51dade34cd513c6f9db9c6f3
  md5: 11adc78451c998c0fd162584abfa3559
  depends:
  - python >=3.10
  license: MPL-2.0
  license_family: MOZILLA
  size: 56559
  timestamp: 1777271601895
- conda: https://conda.anaconda.org/conda-forge/noarch/platformdirs-4.9.6-pyhcf101f3_0.conda
  sha256: 8f29915c172f1f7f4f7c9391cd5dac3ebf5d13745c8b7c8006032615246345a5
  md5: 89c0b6d1793601a2a3a3f7d2d3d8b937
  depends:
  - python >=3.10
  - python
  license: MIT
  license_family: MIT
  size: 25862
  timestamp: 1775741140609
- conda: https://conda.anaconda.org/conda-forge/noarch/pygments-2.20.0-pyhd8ed1ab_0.conda
  sha256: cf70b2f5ad9ae472b71235e5c8a736c9316df3705746de419b59d442e8348e86
  md5: 16c18772b340887160c79a6acc022db0
  depends:
  - python >=3.10
  license: BSD-2-Clause
  license_family: BSD
  size: 893031
  timestamp: 1774796815820
- conda: https://conda.anaconda.org/conda-forge/noarch/pymdown-extensions-10.21.2-pyhd8ed1ab_0.conda
  sha256: f0513cb5a1ad722025771e7c5a45fa163dfab965d608a82d058cde47abb02d48
  md5: 8e693ba2664eaa3306d7084642e2e4a2
  depends:
  - markdown >=3.6
  - python >=3.10
  - pyyaml
  license: MIT
  license_family: MIT
  size: 173156
  timestamp: 1774803071462
- conda: https://conda.anaconda.org/conda-forge/noarch/pysocks-1.7.1-pyha55dd90_7.conda
  sha256: ba3b032fa52709ce0d9fd388f63d330a026754587a2f461117cac9ab73d8d0d8
  md5: 461219d1a5bd61342293efa2c0c90eac
  depends:
  - __unix
  - python >=3.9
  license: BSD-3-Clause
  license_family: BSD
  size: 21085
  timestamp: 1733217331982
- conda: https://conda.anaconda.org/conda-forge/osx-arm64/python-3.13.13-h20e6be0_100_cp313.conda
  build_number: 100
  sha256: d0fffc5fde21d1ae350da545dfb9e115a8c53bed8a9c5761f9efd4a5581853c1
  md5: 9991a930e81d3873eba7a299ba783ec4
  depends:
  - __osx >=11.0
  - bzip2 >=1.0.8,<2.0a0
  - libexpat >=2.7.5,<3.0a0
  - libffi >=3.5.2,<3.6.0a0
  - liblzma >=5.8.2,<6.0a0
  - libmpdec >=4.0.0,<5.0a0
  - libsqlite >=3.52.0,<4.0a0
  - libzlib >=1.3.2,<2.0a0
  - ncurses >=6.5,<7.0a0
  - openssl >=3.5.6,<4.0a0
  - python_abi 3.13.* *_cp313
  - readline >=8.3,<9.0a0
  - tk >=8.6.13,<8.7.0a0
  - tzdata
  license: Python-2.0
  size: 12966447
  timestamp: 1775615694085
  python_site_packages_path: lib/python3.13/site-packages
- conda: https://conda.anaconda.org/conda-forge/noarch/python-dateutil-2.9.0.post0-pyhe01879c_2.conda
  sha256: d6a17ece93bbd5139e02d2bd7dbfa80bee1a4261dced63f65f679121686bf664
  md5: 5b8d21249ff20967101ffa321cab24e8
  depends:
  - python >=3.9
  - six >=1.5
  - python
  license: Apache-2.0
  license_family: APACHE
  size: 233310
  timestamp: 1751104122689
- conda: https://conda.anaconda.org/conda-forge/noarch/python_abi-3.13-8_cp313.conda
  build_number: 8
  sha256: 210bffe7b121e651419cb196a2a63687b087497595c9be9d20ebe97dd06060a7
  md5: 94305520c52a4aa3f6c2b1ff6008d9f8
  constrains:
  - python 3.13.* *_cp313
  license: BSD-3-Clause
  license_family: BSD
  size: 7002
  timestamp: 1752805902938
- conda: https://conda.anaconda.org/conda-forge/osx-arm64/pyyaml-6.0.3-py313h65a2061_1.conda
  sha256: 950725516f67c9691d81bb8dde8419581c5332c5da3da10c9ba8cbb1698b825d
  md5: 5d0c8b92128c93027632ca8f8dc1190f
  depends:
  - __osx >=11.0
  - python >=3.13,<3.14.0a0
  - python >=3.13,<3.14.0a0 *_cp313
  - python_abi 3.13.* *_cp313
  - yaml >=0.2.5,<0.3.0a0
  license: MIT
  license_family: MIT
  size: 188763
  timestamp: 1770224094408
- conda: https://conda.anaconda.org/conda-forge/noarch/pyyaml-env-tag-1.1-pyhd8ed1ab_0.conda
  sha256: 69ab63bd45587406ae911811fc4d4c1bf972d643fa57a009de7c01ac978c4edd
  md5: e8e53c4150a1bba3b160eacf9d53a51b
  depends:
  - python >=3.9
  - pyyaml
  license: MIT
  license_family: MIT
  size: 11137
  timestamp: 1747237061448
- conda: https://conda.anaconda.org/conda-forge/osx-arm64/readline-8.3-h46df422_0.conda
  sha256: a77010528efb4b548ac2a4484eaf7e1c3907f2aec86123ed9c5212ae44502477
  md5: f8381319127120ce51e081dce4865cf4
  depends:
  - __osx >=11.0
  - ncurses >=6.5,<7.0a0
  license: GPL-3.0-only
  license_family: GPL
  size: 313930
  timestamp: 1765813902568
- conda: https://conda.anaconda.org/conda-forge/noarch/requests-2.33.1-pyhcf101f3_1.conda
  sha256: 7f2c24dd3bd3c104a1d2c9a10ead5ed6758b0976b74f972cfe9c19884ccc4241
  md5: 9659f587a8ceacc21864260acd02fc67
  depends:
  - python >=3.10
  - certifi >=2023.5.7
  - charset-normalizer >=2,<4
  - idna >=2.5,<4
  - urllib3 >=1.26,<3
  - python
  constrains:
  - chardet >=3.0.2,<8
  license: Apache-2.0
  license_family: APACHE
  size: 63728
  timestamp: 1777030058920
- conda: https://conda.anaconda.org/conda-forge/osx-arm64/selectolax-0.3.29-py313h90d716c_0.conda
  sha256: e1a4815452f55a3bf569354768511ac1f9b990c14a46a92b369e08eb92974165
  md5: a16fed849bea3ec4f7f6bbaba68a3ca9
  depends:
  - __osx >=11.0
  - python >=3.13,<3.14.0a0
  - python >=3.13,<3.14.0a0 *_cp313
  - python_abi 3.13.* *_cp313
  license: Apache-2.0 AND LGPL-2.1-only AND MIT
  size: 1415610
  timestamp: 1746056179776
- conda: https://conda.anaconda.org/conda-forge/noarch/six-1.17.0-pyhe01879c_1.conda
  sha256: 458227f759d5e3fcec5d9b7acce54e10c9e1f4f4b7ec978f3bfd54ce4ee9853d
  md5: 3339e3b65d58accf4ca4fb8748ab16b3
  depends:
  - python >=3.9
  - python
  license: MIT
  license_family: MIT
  size: 18455
  timestamp: 1753199211006
- conda: https://conda.anaconda.org/conda-forge/osx-arm64/tk-8.6.13-h010d191_3.conda
  sha256: 799cab4b6cde62f91f750149995d149bc9db525ec12595e8a1d91b9317f038b3
  md5: a9d86bc62f39b94c4661716624eb21b0
  depends:
  - __osx >=11.0
  - libzlib >=1.3.1,<2.0a0
  license: TCL
  license_family: BSD
  size: 3127137
  timestamp: 1769460817696
- conda: https://conda.anaconda.org/conda-forge/noarch/tzdata-2025c-hc9c84f9_1.conda
  sha256: 1d30098909076af33a35017eed6f2953af1c769e273a0626a04722ac4acaba3c
  md5: ad659d0a2b3e47e38d829aa8cad2d610
  license: LicenseRef-Public-Domain
  size: 119135
  timestamp: 1767016325805
- conda: https://conda.anaconda.org/conda-forge/noarch/urllib3-2.6.3-pyhd8ed1ab_0.conda
  sha256: af641ca7ab0c64525a96fd9ad3081b0f5bcf5d1cbb091afb3f6ed5a9eee6111a
  md5: 9272daa869e03efe68833e3dc7a02130
  depends:
  - backports.zstd >=1.0.0
  - brotli-python >=1.2.0
  - h2 >=4,<5
  - pysocks >=1.5.6,<2.0,!=1.5.7
  - python >=3.10
  license: MIT
  license_family: MIT
  size: 103172
  timestamp: 1767817860341
- conda: https://conda.anaconda.org/conda-forge/osx-arm64/watchdog-6.0.0-py313h6688731_3.conda
  sha256: 306ef968c4d5fef96430f6169c819366baa36c7c3e701933282fca43cba67548
  md5: 90e28468c1fb2ade60be2535cbe25e5d
  depends:
  - python
  - pyyaml >=3.10
  - python 3.13.* *_cp313
  - __osx >=11.0
  - python_abi 3.13.* *_cp313
  license: Apache-2.0
  license_family: APACHE
  size: 168159
  timestamp: 1772608056468
- conda: https://conda.anaconda.org/conda-forge/osx-arm64/yaml-0.2.5-h925e9cb_3.conda
  sha256: b03433b13d89f5567e828ea9f1a7d5c5d697bf374c28a4168d71e9464f5dafac
  md5: 78a0fe9e9c50d2c381e8ee47e3ea437d
  depends:
  - __osx >=11.0
  license: MIT
  license_family: MIT
  size: 83386
  timestamp: 1753484079473
- conda: https://conda.anaconda.org/conda-forge/noarch/zipp-3.23.1-pyhcf101f3_0.conda
  sha256: 523616c0530d305d2216c2b4a8dfd3872628b60083255b89c5e0d8c42e738cca
  md5: e1c36c6121a7c9c76f2f148f1e83b983
  depends:
  - python >=3.10
  - python
  license: MIT
  license_family: MIT
  size: 24461
  timestamp: 1776131454755
- conda: https://conda.anaconda.org/conda-forge/osx-arm64/zstd-1.5.7-hbf9d68e_6.conda
  sha256: 9485ba49e8f47d2b597dd399e88f4802e100851b27c21d7525625b0b4025a5d9
  md5: ab136e4c34e97f34fb621d2592a393d8
  depends:
  - __osx >=11.0
  - libzlib >=1.3.1,<2.0a0
  license: BSD-3-Clause
  license_family: BSD
  size: 433413
  timestamp: 1764777166076
